
Microsoft Visual Studio Solution File, Format Version 12.00
# Visual Studio 15
Project("{FAE04EC0-301F-11D3-BF4B-00C04F79EFBC}") = "Assembly-CSharp", "Assembly-CSharp.csproj", "{BD52DEC6-55D7-BC56-4169-466004FA5606}"
EndProject
Project("{FAE04EC0-301F-11D3-BF4B-00C04F79EFBC}") = "Assembly-CSharp-Editor", "Assembly-CSharp-Editor.csproj", "{B11089C9-56C3-2076-35F4-C52964B49E43}"
EndProject
Global
	GlobalSection(SolutionConfigurationPlatforms) = preSolution
		Debug|Any CPU = Debug|Any CPU
		Release|Any CPU = Release|Any CPU
	EndGlobalSection
	GlobalSection(ProjectConfigurationPlatforms) = postSolution
		{BD52DEC6-55D7-BC56-4169-466004FA5606}.Debug|Any CPU.ActiveCfg = Debug|Any CPU
		{BD52DEC6-55D7-BC56-4169-466004FA5606}.Debug|Any CPU.Build.0 = Debug|Any CPU
		{BD52DEC6-55D7-BC56-4169-466004FA5606}.Release|Any CPU.ActiveCfg = Release|Any CPU
		{BD52DEC6-55D7-BC56-4169-466004FA5606}.Release|Any CPU.Build.0 = Release|Any CPU
		{B11089C9-56C3-2076-35F4-C52964B49E43}.Debug|Any CPU.ActiveCfg = Debug|Any CPU
		{B11089C9-56C3-2076-35F4-C52964B49E43}.Debug|Any CPU.Build.0 = Debug|Any CPU
		{B11089C9-56C3-2076-35F4-C52964B49E43}.Release|Any CPU.ActiveCfg = Release|Any CPU
		{B11089C9-56C3-2076-35F4-C52964B49E43}.Release|Any CPU.Build.0 = Release|Any CPU
	EndGlobalSection
	GlobalSection(SolutionProperties) = preSolution
		HideSolutionNode = FALSE
	EndGlobalSection
EndGlobal
